
Microsoft Visual Studio Solution File, Format Version 12.00
# Visual Studio 15
VisualStudioVersion = 15.0.27130.0
MinimumVisualStudioVersion = 10.0.40219.1
Project("{FAE04EC0-301F-11D3-BF4B-00C04F79EFBC}") = "ImageSteganography", "ImageSteganography\ImageSteganography.csproj", "{BB7D7FDA-72C8-4520-82B9-706399821D20}"
EndProject
Project("{FAE04EC0-301F-11D3-BF4B-00C04F79EFBC}") = "LSBstegano", "LSBstegano\LSBstegano.csproj", "{798372CC-9856-42D3-B6DA-9E4C4A539218}"
EndProject
Project("{FAE04EC0-301F-11D3-BF4B-00C04F79EFBC}") = "Test_LSBsteganoLib", "Test_LSBsteganoLib\Test_LSBsteganoLib.csproj", "{140CDB3B-AB7A-445A-B3A2-CB35CEB46804}"
EndProject
Global
	GlobalSection(SolutionConfigurationPlatforms) = preSolution
		Debug|Any CPU = Debug|Any CPU
		Release|Any CPU = Release|Any CPU
	EndGlobalSection
	GlobalSection(ProjectConfigurationPlatforms) = postSolution
		{BB7D7FDA-72C8-4520-82B9-706399821D20}.Debug|Any CPU.ActiveCfg = Debug|Any CPU
		{BB7D7FDA-72C8-4520-82B9-706399821D20}.Debug|Any CPU.Build.0 = Debug|Any CPU
		{BB7D7FDA-72C8-4520-82B9-706399821D20}.Release|Any CPU.ActiveCfg = Release|Any CPU
		{BB7D7FDA-72C8-4520-82B9-706399821D20}.Release|Any CPU.Build.0 = Release|Any CPU
		{798372CC-9856-42D3-B6DA-9E4C4A539218}.Debug|Any CPU.ActiveCfg = Debug|Any CPU
		{798372CC-9856-42D3-B6DA-9E4C4A539218}.Debug|Any CPU.Build.0 = Debug|Any CPU
		{798372CC-9856-42D3-B6DA-9E4C4A539218}.Release|Any CPU.ActiveCfg = Release|Any CPU
		{798372CC-9856-42D3-B6DA-9E4C4A539218}.Release|Any CPU.Build.0 = Release|Any CPU
		{140CDB3B-AB7A-445A-B3A2-CB35CEB46804}.Debug|Any CPU.ActiveCfg = Debug|Any CPU
		{140CDB3B-AB7A-445A-B3A2-CB35CEB46804}.Debug|Any CPU.Build.0 = Debug|Any CPU
		{140CDB3B-AB7A-445A-B3A2-CB35CEB46804}.Release|Any CPU.ActiveCfg = Release|Any CPU
		{140CDB3B-AB7A-445A-B3A2-CB35CEB46804}.Release|Any CPU.Build.0 = Release|Any CPU
	EndGlobalSection
	GlobalSection(SolutionProperties) = preSolution
		HideSolutionNode = FALSE
	EndGlobalSection
	GlobalSection(ExtensibilityGlobals) = postSolution
		SolutionGuid = {63530D04-C9EF-4EB1-B15B-DFC73238CF26}
	EndGlobalSection
EndGlobal
